
Microsoft Visual Studio Solution File, Format Version 12.00
# Visual Studio Version 16
VisualStudioVersion = 16.0.31313.79
MinimumVisualStudioVersion = 10.0.40219.1
Project("{FAE04EC0-301F-11D3-BF4B-00C04F79EFBC}") = "Modulo", "Modulo.csproj", "{E80CA256-78FB-48C8-A16B-A742090E2A7B}"
EndProject
Global
	GlobalSection(SolutionConfigurationPlatforms) = preSolution
		Debug|Any CPU = Debug|Any CPU
		Release|Any CPU = Release|Any CPU
	EndGlobalSection
	GlobalSection(ProjectConfigurationPlatforms) = postSolution
		{E80CA256-78FB-48C8-A16B-A742090E2A7B}.Debug|Any CPU.ActiveCfg = Debug|Any CPU
		{E80CA256-78FB-48C8-A16B-A742090E2A7B}.Debug|Any CPU.Build.0 = Debug|Any CPU
		{E80CA256-78FB-48C8-A16B-A742090E2A7B}.Release|Any CPU.ActiveCfg = Release|Any CPU
		{E80CA256-78FB-48C8-A16B-A742090E2A7B}.Release|Any CPU.Build.0 = Release|Any CPU
	EndGlobalSection
	GlobalSection(SolutionProperties) = preSolution
		HideSolutionNode = FALSE
	EndGlobalSection
	GlobalSection(ExtensibilityGlobals) = postSolution
		SolutionGuid = {2BA13D0A-5919-40BA-A6E8-0252EE6F0C65}
	EndGlobalSection
EndGlobal
